
Microsoft Visual Studio Solution File, Format Version 12.00
# Visual Studio Version 16
VisualStudioVersion = 16.0.31410.223
MinimumVisualStudioVersion = 10.0.40219.1
Project("{FAE04EC0-301F-11D3-BF4B-00C04F79EFBC}") = "DemoCoreIdentity", "DemoCoreIdentity\DemoCoreIdentity.csproj", "{C8FDEF8C-7B90-40F9-89FB-F9C6C9D375C4}"
EndProject
Global
	GlobalSection(SolutionConfigurationPlatforms) = preSolution
		Debug|Any CPU = Debug|Any CPU
		Release|Any CPU = Release|Any CPU
	EndGlobalSection
	GlobalSection(ProjectConfigurationPlatforms) = postSolution
		{C8FDEF8C-7B90-40F9-89FB-F9C6C9D375C4}.Debug|Any CPU.ActiveCfg = Debug|Any CPU
		{C8FDEF8C-7B90-40F9-89FB-F9C6C9D375C4}.Debug|Any CPU.Build.0 = Debug|Any CPU
		{C8FDEF8C-7B90-40F9-89FB-F9C6C9D375C4}.Release|Any CPU.ActiveCfg = Release|Any CPU
		{C8FDEF8C-7B90-40F9-89FB-F9C6C9D375C4}.Release|Any CPU.Build.0 = Release|Any CPU
	EndGlobalSection
	GlobalSection(SolutionProperties) = preSolution
		HideSolutionNode = FALSE
	EndGlobalSection
	GlobalSection(ExtensibilityGlobals) = postSolution
		SolutionGuid = {F3051D82-5855-4C80-A246-5D11E3517024}
	EndGlobalSection
EndGlobal
